<?xml version="1.0" encoding="utf-8"?>
<Project ToolsVersion="4.0" xmlns="http://schemas.microsoft.com/developer/msbuild/2003">
  <ItemGroup>
    <Filter Include="Source Files">
      <UniqueIdentifier>{4FC737F1-C7A5-4376-A066-2A32D752A2FF}</UniqueIdentifier>
      <Extensions>cpp;c;cc;cxx;c++;cppm;ixx;def;odl;idl;hpj;bat;asm;asmx</Extensions>
    </Filter>
    <Filter Include="Header Files">
      <UniqueIdentifier>{93995380-89BD-4b04-88EB-625FBE52EBFB}</UniqueIdentifier>
      <Extensions>h;hh;hpp;hxx;h++;hm;inl;inc;ipp;xsd</Extensions>
    </Filter>
    <Filter Include="Resource Files">
      <UniqueIdentifier>{67DA6AB6-F800-4c08-8B7A-83BB121AAD01}</UniqueIdentifier>
      <Extensions>rc;ico;cur;bmp;dlg;rc2;rct;bin;rgs;gif;jpg;jpeg;jpe;resx;tiff;tif;png;wav;mfcribbon-ms</Extensions>
    </Filter>
    <Filter Include="Header Files\ECFramework">
      <UniqueIdentifier>{10400ad4-26ae-4f5c-a5fa-45c2afe69330}</UniqueIdentifier>
    </Filter>
    <Filter Include="Source Files\ECFramework">
      <UniqueIdentifier>{0aa8fd18-6b35-469e-92b0-28961c0ef160}</UniqueIdentifier>
    </Filter>
    <Filter Include="Header Files\Manager">
      <UniqueIdentifier>{86f9e1fa-978a-4721-b5df-62ff0a2d9bdb}</UniqueIdentifier>
    </Filter>
    <Filter Include="Source Files\Manager">
      <UniqueIdentifier>{fcbdb568-da0f-4f45-97d8-fbb4c829b2cf}</UniqueIdentifier>
    </Filter>
  </ItemGroup>
  <ItemGroup>
    <ClCompile Include="src\game.cpp">
      <Filter>Source Files</Filter>
    </ClCompile>
    <ClCompile Include="src\random.cpp">
      <Filter>Source Files</Filter>
    </ClCompile>
    <ClCompile Include="src\ShapeDraw.cpp">
      <Filter>Source Files</Filter>
    </ClCompile>
    <ClCompile Include="src\EntityFactory.cpp">
      <Filter>Source Files\ECFramework</Filter>
    </ClCompile>
    <ClCompile Include="src\EntityManager.cpp">
      <Filter>Source Files\ECFramework</Filter>
    </ClCompile>
    <ClCompile Include="src\EntityContainer.cpp">
      <Filter>Source Files\ECFramework</Filter>
    </ClCompile>
    <ClCompile Include="src\stateManager.cpp">
      <Filter>Source Files\Manager</Filter>
    </ClCompile>
    <ClCompile Include="src\ProjectileManager.cpp">
      <Filter>Source Files\Manager</Filter>
    </ClCompile>
    <ClCompile Include="src\EventCenter.cpp">
      <Filter>Source Files\Manager</Filter>
    </ClCompile>
    <ClCompile Include="src\EnemyManager.cpp">
      <Filter>Source Files\Manager</Filter>
    </ClCompile>
    <ClCompile Include="src\CollisionManager.cpp">
      <Filter>Source Files\Manager</Filter>
    </ClCompile>
    <ClCompile Include="src\HUDManager.cpp">
      <Filter>Source Files\Manager</Filter>
    </ClCompile>
  </ItemGroup>
  <ItemGroup>
    <ClInclude Include="include\game.h">
      <Filter>Header Files</Filter>
    </ClInclude>
    <ClInclude Include="include\gamedefs.h">
      <Filter>Header Files</Filter>
    </ClInclude>
    <ClInclude Include="include\random.h">
      <Filter>Header Files</Filter>
    </ClInclude>
    <ClInclude Include="include\ShapeDraw.h">
      <Filter>Header Files</Filter>
    </ClInclude>
    <ClInclude Include="include\Components.h">
      <Filter>Header Files\ECFramework</Filter>
    </ClInclude>
    <ClInclude Include="include\Entity.h">
      <Filter>Header Files\ECFramework</Filter>
    </ClInclude>
    <ClInclude Include="include\EntityContainer.h">
      <Filter>Header Files\ECFramework</Filter>
    </ClInclude>
    <ClInclude Include="include\EntityFactory.h">
      <Filter>Header Files\ECFramework</Filter>
    </ClInclude>
    <ClInclude Include="include\EntityManager.h">
      <Filter>Header Files\ECFramework</Filter>
    </ClInclude>
    <ClInclude Include="include\stateManager.h">
      <Filter>Header Files\Manager</Filter>
    </ClInclude>
    <ClInclude Include="include\ProjectileManager.h">
      <Filter>Header Files\Manager</Filter>
    </ClInclude>
    <ClInclude Include="include\EventCenter.h">
      <Filter>Header Files\Manager</Filter>
    </ClInclude>
    <ClInclude Include="include\Event.h">
      <Filter>Header Files\Manager</Filter>
    </ClInclude>
    <ClInclude Include="include\EnemyManager.h">
      <Filter>Header Files\Manager</Filter>
    </ClInclude>
    <ClInclude Include="include\CollisionManager.h">
      <Filter>Header Files\Manager</Filter>
    </ClInclude>
    <ClInclude Include="include\HUDManager.h">
      <Filter>Header Files\Manager</Filter>
    </ClInclude>
  </ItemGroup>
  <ItemGroup>
    <Xml Include="asset\connectionmap.xml" />
    <Xml Include="asset\connections.xml" />
    <Xml Include="asset\settings.xml" />
  </ItemGroup>
</Project>